
Microsoft Visual Studio Solution File, Format Version 12.00
# Visual Studio Version 17
VisualStudioVersion = 17.6.33927.249
MinimumVisualStudioVersion = 10.0.40219.1
Project("{9A19103F-16F7-4668-BE54-9A1E7A4F7556}") = "server", "server.csproj", "{CAAE6CB1-9146-4EA7-9603-F852DDEAF3E3}"
EndProject
Global
	GlobalSection(SolutionConfigurationPlatforms) = preSolution
		Debug|Any CPU = Debug|Any CPU
		Release|Any CPU = Release|Any CPU
	EndGlobalSection
	GlobalSection(ProjectConfigurationPlatforms) = postSolution
		{CAAE6CB1-9146-4EA7-9603-F852DDEAF3E3}.Debug|Any CPU.ActiveCfg = Debug|Any CPU
		{CAAE6CB1-9146-4EA7-9603-F852DDEAF3E3}.Debug|Any CPU.Build.0 = Debug|Any CPU
		{CAAE6CB1-9146-4EA7-9603-F852DDEAF3E3}.Release|Any CPU.ActiveCfg = Release|Any CPU
		{CAAE6CB1-9146-4EA7-9603-F852DDEAF3E3}.Release|Any CPU.Build.0 = Release|Any CPU
	EndGlobalSection
	GlobalSection(SolutionProperties) = preSolution
		HideSolutionNode = FALSE
	EndGlobalSection
	GlobalSection(ExtensibilityGlobals) = postSolution
		SolutionGuid = {5BAFE914-00CB-46BA-B0D3-D1EBD8A059CD}
	EndGlobalSection
EndGlobal
